Microsoft Visual Studio Solution File, Format Version 12.00
# Visual Studio Express 2012 for Windows Desktop
Project("{8BC9CEB8-8B4A-11D0-8D11-00A0C91BC942}") = "m2dec", "m2dec.vcxproj", "{80E327AE-A6ED-406E-8AF3-5BC7BB231084}"
EndProject
Project("{8BC9CEB8-8B4A-11D0-8D11-00A0C91BC942}") = "libm2dec", "libm2dec.vcxproj", "{C48FB072-11DD-4FD8-87AA-D9D20637AC23}"
EndProject
Project("{8BC9CEB8-8B4A-11D0-8D11-00A0C91BC942}") = "libmpegdemux", "libmpegdemux.vcxproj", "{06EF9CB4-4CC1-4CFE-AC1F-A88A055D60BE}"
EndProject
Project("{8BC9CEB8-8B4A-11D0-8D11-00A0C91BC942}") = "thrplayer", "thrplayer.vcxproj", "{C0680463-2ABB-45B6-B2CA-AAE9FAF563B9}"
EndProject
Project("{8BC9CEB8-8B4A-11D0-8D11-00A0C91BC942}") = "h264dec", "h264dec.vcxproj", "{26572B45-DC91-498E-8637-07DE48FF452B}"
EndProject
Global
	GlobalSection(SolutionConfigurationPlatforms) = preSolution
		Debug|Win32 = Debug|Win32
		Debug|x64 = Debug|x64
		Release|Win32 = Release|Win32
		Release|x64 = Release|x64
	EndGlobalSection
	GlobalSection(ProjectConfigurationPlatforms) = postSolution
		{80E327AE-A6ED-406E-8AF3-5BC7BB231084}.Debug|Win32.ActiveCfg = Debug|x64
		{80E327AE-A6ED-406E-8AF3-5BC7BB231084}.Debug|x64.ActiveCfg = Debug|x64
		{80E327AE-A6ED-406E-8AF3-5BC7BB231084}.Release|Win32.ActiveCfg = Release|x64
		{80E327AE-A6ED-406E-8AF3-5BC7BB231084}.Release|x64.ActiveCfg = Release|x64
		{80E327AE-A6ED-406E-8AF3-5BC7BB231084}.Release|x64.Build.0 = Release|x64
		{C48FB072-11DD-4FD8-87AA-D9D20637AC23}.Debug|Win32.ActiveCfg = Debug|x64
		{C48FB072-11DD-4FD8-87AA-D9D20637AC23}.Debug|x64.ActiveCfg = Debug|x64
		{C48FB072-11DD-4FD8-87AA-D9D20637AC23}.Debug|x64.Build.0 = Debug|x64
		{C48FB072-11DD-4FD8-87AA-D9D20637AC23}.Release|Win32.ActiveCfg = Release|x64
		{C48FB072-11DD-4FD8-87AA-D9D20637AC23}.Release|x64.ActiveCfg = Release|x64
		{C48FB072-11DD-4FD8-87AA-D9D20637AC23}.Release|x64.Build.0 = Release|x64
		{06EF9CB4-4CC1-4CFE-AC1F-A88A055D60BE}.Debug|Win32.ActiveCfg = Debug|x64
		{06EF9CB4-4CC1-4CFE-AC1F-A88A055D60BE}.Debug|x64.ActiveCfg = Debug|x64
		{06EF9CB4-4CC1-4CFE-AC1F-A88A055D60BE}.Debug|x64.Build.0 = Debug|x64
		{06EF9CB4-4CC1-4CFE-AC1F-A88A055D60BE}.Release|Win32.ActiveCfg = Release|x64
		{06EF9CB4-4CC1-4CFE-AC1F-A88A055D60BE}.Release|x64.ActiveCfg = Release|x64
		{06EF9CB4-4CC1-4CFE-AC1F-A88A055D60BE}.Release|x64.Build.0 = Release|x64
		{C0680463-2ABB-45B6-B2CA-AAE9FAF563B9}.Debug|Win32.ActiveCfg = Debug|x64
		{C0680463-2ABB-45B6-B2CA-AAE9FAF563B9}.Debug|x64.ActiveCfg = Debug|x64
		{C0680463-2ABB-45B6-B2CA-AAE9FAF563B9}.Debug|x64.Build.0 = Debug|x64
		{C0680463-2ABB-45B6-B2CA-AAE9FAF563B9}.Release|Win32.ActiveCfg = Release|x64
		{C0680463-2ABB-45B6-B2CA-AAE9FAF563B9}.Release|x64.ActiveCfg = Release|x64
		{C0680463-2ABB-45B6-B2CA-AAE9FAF563B9}.Release|x64.Build.0 = Release|x64
		{26572B45-DC91-498E-8637-07DE48FF452B}.Debug|Win32.ActiveCfg = Debug|x64
		{26572B45-DC91-498E-8637-07DE48FF452B}.Debug|x64.ActiveCfg = Debug|x64
		{26572B45-DC91-498E-8637-07DE48FF452B}.Release|Win32.ActiveCfg = Release|x64
		{26572B45-DC91-498E-8637-07DE48FF452B}.Release|x64.ActiveCfg = Release|x64
		{26572B45-DC91-498E-8637-07DE48FF452B}.Release|x64.Build.0 = Release|x64
	EndGlobalSection
	GlobalSection(SolutionProperties) = preSolution
		HideSolutionNode = FALSE
	EndGlobalSection
EndGlobal
